
Microsoft Visual Studio Solution File, Format Version 12.00
# Visual Studio Version 17
VisualStudioVersion = 17.0.32014.148
MinimumVisualStudioVersion = 10.0.40219.1
Project("{2150E333-8FDC-42A3-9474-1A3956D46DE8}") = "InMemoryCache", "InMemoryCache", "{8E761119-CE21-4B03-8CA9-6A43B2B3A532}"
EndProject
Project("{FAE04EC0-301F-11D3-BF4B-00C04F79EFBC}") = "InMemoryCache", "InMemoryCache\InMemoryCache\InMemoryCache.csproj", "{D64F9A74-68D8-4033-8F4D-309F68F5DC9B}"
EndProject
Global
	GlobalSection(SolutionConfigurationPlatforms) = preSolution
		Debug|Any CPU = Debug|Any CPU
		Release|Any CPU = Release|Any CPU
	EndGlobalSection
	GlobalSection(ProjectConfigurationPlatforms) = postSolution
		{D64F9A74-68D8-4033-8F4D-309F68F5DC9B}.Debug|Any CPU.ActiveCfg = Debug|Any CPU
		{D64F9A74-68D8-4033-8F4D-309F68F5DC9B}.Debug|Any CPU.Build.0 = Debug|Any CPU
		{D64F9A74-68D8-4033-8F4D-309F68F5DC9B}.Release|Any CPU.ActiveCfg = Release|Any CPU
		{D64F9A74-68D8-4033-8F4D-309F68F5DC9B}.Release|Any CPU.Build.0 = Release|Any CPU
	EndGlobalSection
	GlobalSection(SolutionProperties) = preSolution
		HideSolutionNode = FALSE
	EndGlobalSection
	GlobalSection(NestedProjects) = preSolution
		{D64F9A74-68D8-4033-8F4D-309F68F5DC9B} = {8E761119-CE21-4B03-8CA9-6A43B2B3A532}
	EndGlobalSection
	GlobalSection(ExtensibilityGlobals) = postSolution
		SolutionGuid = {EB2B8AAF-9E76-4BFE-BB6B-0220D5AEC239}
	EndGlobalSection
EndGlobal
